{
  "requires": true,
  "lockfileVersion": 1,
  "dependencies": {
    "resize-observer-polyfill": {
      "version": "1.5.1",
      "resolved": "https://registry.npmjs.org/resize-observer-polyfill/-/resize-observer-polyfill-1.5.1.tgz",
      "integrity": "sha512-LwZrotdHOo12nQuZlHEmtuXdqGoOD0OhaxopaNFxWzInpEgaLWoVuAMbTzixuosCx2nEG58ngzW3vxdWoxIgdg=="
    },
    "throttle-debounce": {
      "version": "1.1.0",
      "resolved": "https://registry.npmjs.org/throttle-debounce/-/throttle-debounce-1.1.0.tgz",
      "integrity": "sha512-XH8UiPCQcWNuk2LYePibW/4qL97+ZQ1AN3FNXwZRBNPPowo/NRU5fAlDCSNBJIYCKbioZfuYtMhG4quqoJhVzg=="
    },
    "vue-carousel-card": {
      "version": "1.0.3",
      "resolved": "https://registry.npmjs.org/vue-carousel-card/-/vue-carousel-card-1.0.3.tgz",
      "integrity": "sha512-2I6bspUZtRv82DGe3fpKPMjC/NqhDyA2qiOgcGBXIn5csl518LT6PmZ7t9Fveyx1dK0bdNg7bAJNfPiSZXyoyA==",
      "requires": {
        "resize-observer-polyfill": "^1.5.0",
        "throttle-debounce": "^1.0.1"
      }
    }
  }
}
